
Microsoft Visual Studio Solution File, Format Version 12.00
# Visual Studio 15
VisualStudioVersion = 15.0.27703.2000
MinimumVisualStudioVersion = 10.0.40219.1
Project("{FAE04EC0-301F-11D3-BF4B-00C04F79EFBC}") = "AspNET-Secrets", "AspNET-Secrets\AspNET-Secrets.csproj", "{7D45D1CD-74AC-460F-B89E-381C0F621D83}"
EndProject
Global
	GlobalSection(SolutionConfigurationPlatforms) = preSolution
		Debug|Any CPU = Debug|Any CPU
		Release|Any CPU = Release|Any CPU
	EndGlobalSection
	GlobalSection(ProjectConfigurationPlatforms) = postSolution
		{7D45D1CD-74AC-460F-B89E-381C0F621D83}.Debug|Any CPU.ActiveCfg = Debug|Any CPU
		{7D45D1CD-74AC-460F-B89E-381C0F621D83}.Debug|Any CPU.Build.0 = Debug|Any CPU
		{7D45D1CD-74AC-460F-B89E-381C0F621D83}.Release|Any CPU.ActiveCfg = Release|Any CPU
		{7D45D1CD-74AC-460F-B89E-381C0F621D83}.Release|Any CPU.Build.0 = Release|Any CPU
	EndGlobalSection
	GlobalSection(SolutionProperties) = preSolution
		HideSolutionNode = FALSE
	EndGlobalSection
	GlobalSection(ExtensibilityGlobals) = postSolution
		SolutionGuid = {C7835310-7C7D-4EAD-AA0F-DDEEA29F322A}
	EndGlobalSection
EndGlobal
